
Microsoft Visual Studio Solution File, Format Version 12.00
# Visual Studio 14
VisualStudioVersion = 14.0.25420.1
MinimumVisualStudioVersion = 10.0.40219.1
Project("{FAE04EC0-301F-11D3-BF4B-00C04F79EFBC}") = "Horwath.DAL", "Horwath.DAL\Horwath.DAL.csproj", "{56E369E8-7AB7-4B3B-B86C-F962AB7E7DFE}"
EndProject
Project("{FAE04EC0-301F-11D3-BF4B-00C04F79EFBC}") = "Horwath.Entities", "Horwath.Entities\Horwath.Entities.csproj", "{30A5BEA0-7A64-471C-BD32-87B524923300}"
EndProject
Project("{FAE04EC0-301F-11D3-BF4B-00C04F79EFBC}") = "Horwath.BLL", "Horwath.BLL\Horwath.BLL.csproj", "{8ADCD29A-D495-48A9-BA67-67375B831C74}"
EndProject
Project("{FAE04EC0-301F-11D3-BF4B-00C04F79EFBC}") = "HorwathGreetings", "HorwathGreetings\HorwathGreetings.csproj", "{535DA4CE-5B18-4FC3-9BC4-ABC657B5F7F5}"
EndProject
Project("{FAE04EC0-301F-11D3-BF4B-00C04F79EFBC}") = "Horwath.Tests", "Horwath.Tests\Horwath.Tests.csproj", "{213D67E2-C8E1-4413-9014-55B80E9844C7}"
EndProject
Project("{FAE04EC0-301F-11D3-BF4B-00C04F79EFBC}") = "Horwath.API", "Horwath.API\Horwath.API.csproj", "{30E8DC90-0392-47FA-9CFF-FCD5063FD04A}"
EndProject
Project("{FAE04EC0-301F-11D3-BF4B-00C04F79EFBC}") = "Horwath.Common", "Horwath.Common\Horwath.Common.csproj", "{B7BFAE29-753A-49B1-BA9A-7E122998E452}"
EndProject
Project("{2150E333-8FDC-42A3-9474-1A3956D46DE8}") = "Architecture", "Architecture", "{67C638B1-A7E3-49DF-83FE-551DA46FBDA9}"
EndProject
Project("{2150E333-8FDC-42A3-9474-1A3956D46DE8}") = "Tests", "Tests", "{6869B793-FE42-4180-89D0-A1B0E1956564}"
EndProject
Global
	GlobalSection(SolutionConfigurationPlatforms) = preSolution
		Debug|Any CPU = Debug|Any CPU
		Release|Any CPU = Release|Any CPU
	EndGlobalSection
	GlobalSection(ProjectConfigurationPlatforms) = postSolution
		{56E369E8-7AB7-4B3B-B86C-F962AB7E7DFE}.Debug|Any CPU.ActiveCfg = Debug|Any CPU
		{56E369E8-7AB7-4B3B-B86C-F962AB7E7DFE}.Debug|Any CPU.Build.0 = Debug|Any CPU
		{56E369E8-7AB7-4B3B-B86C-F962AB7E7DFE}.Release|Any CPU.ActiveCfg = Release|Any CPU
		{56E369E8-7AB7-4B3B-B86C-F962AB7E7DFE}.Release|Any CPU.Build.0 = Release|Any CPU
		{30A5BEA0-7A64-471C-BD32-87B524923300}.Debug|Any CPU.ActiveCfg = Debug|Any CPU
		{30A5BEA0-7A64-471C-BD32-87B524923300}.Debug|Any CPU.Build.0 = Debug|Any CPU
		{30A5BEA0-7A64-471C-BD32-87B524923300}.Release|Any CPU.ActiveCfg = Release|Any CPU
		{30A5BEA0-7A64-471C-BD32-87B524923300}.Release|Any CPU.Build.0 = Release|Any CPU
		{8ADCD29A-D495-48A9-BA67-67375B831C74}.Debug|Any CPU.ActiveCfg = Debug|Any CPU
		{8ADCD29A-D495-48A9-BA67-67375B831C74}.Debug|Any CPU.Build.0 = Debug|Any CPU
		{8ADCD29A-D495-48A9-BA67-67375B831C74}.Release|Any CPU.ActiveCfg = Release|Any CPU
		{8ADCD29A-D495-48A9-BA67-67375B831C74}.Release|Any CPU.Build.0 = Release|Any CPU
		{535DA4CE-5B18-4FC3-9BC4-ABC657B5F7F5}.Debug|Any CPU.ActiveCfg = Debug|Any CPU
		{535DA4CE-5B18-4FC3-9BC4-ABC657B5F7F5}.Debug|Any CPU.Build.0 = Debug|Any CPU
		{535DA4CE-5B18-4FC3-9BC4-ABC657B5F7F5}.Release|Any CPU.ActiveCfg = Release|Any CPU
		{535DA4CE-5B18-4FC3-9BC4-ABC657B5F7F5}.Release|Any CPU.Build.0 = Release|Any CPU
		{213D67E2-C8E1-4413-9014-55B80E9844C7}.Debug|Any CPU.ActiveCfg = Debug|Any CPU
		{213D67E2-C8E1-4413-9014-55B80E9844C7}.Debug|Any CPU.Build.0 = Debug|Any CPU
		{213D67E2-C8E1-4413-9014-55B80E9844C7}.Release|Any CPU.ActiveCfg = Release|Any CPU
		{213D67E2-C8E1-4413-9014-55B80E9844C7}.Release|Any CPU.Build.0 = Release|Any CPU
		{30E8DC90-0392-47FA-9CFF-FCD5063FD04A}.Debug|Any CPU.ActiveCfg = Debug|Any CPU
		{30E8DC90-0392-47FA-9CFF-FCD5063FD04A}.Debug|Any CPU.Build.0 = Debug|Any CPU
		{30E8DC90-0392-47FA-9CFF-FCD5063FD04A}.Release|Any CPU.ActiveCfg = Release|Any CPU
		{30E8DC90-0392-47FA-9CFF-FCD5063FD04A}.Release|Any CPU.Build.0 = Release|Any CPU
		{B7BFAE29-753A-49B1-BA9A-7E122998E452}.Debug|Any CPU.ActiveCfg = Debug|Any CPU
		{B7BFAE29-753A-49B1-BA9A-7E122998E452}.Debug|Any CPU.Build.0 = Debug|Any CPU
		{B7BFAE29-753A-49B1-BA9A-7E122998E452}.Release|Any CPU.ActiveCfg = Release|Any CPU
		{B7BFAE29-753A-49B1-BA9A-7E122998E452}.Release|Any CPU.Build.0 = Release|Any CPU
	EndGlobalSection
	GlobalSection(SolutionProperties) = preSolution
		HideSolutionNode = FALSE
	EndGlobalSection
	GlobalSection(NestedProjects) = preSolution
		{56E369E8-7AB7-4B3B-B86C-F962AB7E7DFE} = {67C638B1-A7E3-49DF-83FE-551DA46FBDA9}
		{30A5BEA0-7A64-471C-BD32-87B524923300} = {67C638B1-A7E3-49DF-83FE-551DA46FBDA9}
		{8ADCD29A-D495-48A9-BA67-67375B831C74} = {67C638B1-A7E3-49DF-83FE-551DA46FBDA9}
		{213D67E2-C8E1-4413-9014-55B80E9844C7} = {6869B793-FE42-4180-89D0-A1B0E1956564}
		{B7BFAE29-753A-49B1-BA9A-7E122998E452} = {67C638B1-A7E3-49DF-83FE-551DA46FBDA9}
	EndGlobalSection
EndGlobal
